github.com/google/go-cmp v0.6.0 h1:ofyhxvXcZhMsU5ulbFiLKl/XBFqE1GSq7atu8tAmTRI=
github.com/google/go-cmp v0.6.0/go.mod h1:17dUlkBOakJ0+DkrSSNjCkIjxS6bF9zb3elmeNGIjoY=
github.com/kagadar/go-pipeline v0.0.0-20240206075744-bd16111e7cd2 h1:G6BBXg/GP5EQNti4ilg/LYkoMa63D05MoKBcRI8CT6Y=
github.com/kagadar/go-pipeline v0.0.0-20240206075744-bd16111e7cd2/go.mod h1:YPelWP4vGIQSGhXpFAfcHehwE8Cg9uFxL0wwDvPU+g0=
