github.com/google/go-cmp v0.6.0 h1:ofyhxvXcZhMsU5ulbFiLKl/XBFqE1GSq7atu8tAmTRI=
github.com/google/go-cmp v0.6.0/go.mod h1:17dUlkBOakJ0+DkrSSNjCkIjxS6bF9zb3elmeNGIjoY=
github.com/kagadar/go-pipeline v0.0.0-20240113235453-7a28df4a67af h1:bxIvwpVyv2Jw7BX8Qcpf3BQikhJPpIL6ipTPt3zEswk=
github.com/kagadar/go-pipeline v0.0.0-20240113235453-7a28df4a67af/go.mod h1:ZhteiHC0ZSoylYuXNjYRI8GaCMkDbmLRh7Qmbi45hzE=
