github.com/google/go-cmp v0.6.0 h1:ofyhxvXcZhMsU5ulbFiLKl/XBFqE1GSq7atu8tAmTRI=
github.com/google/go-cmp v0.6.0/go.mod h1:17dUlkBOakJ0+DkrSSNjCkIjxS6bF9zb3elmeNGIjoY=
github.com/kagadar/go-pipeline v0.0.0-20240107071318-47297013b575 h1:lBP/WSRbTr76i9wECpXUfJ6guHjIcbBay5gMHm0A3S0=
github.com/kagadar/go-pipeline v0.0.0-20240107071318-47297013b575/go.mod h1:scR/KQM72g9yz55KFX3E/XFAzrrqbA1U3GdlpI6/h3Q=
golang.org/x/exp v0.0.0-20240103183307-be819d1f06fc h1:ao2WRsKSzW6KuUY9IWPwWahcHCgR0s52IfwutMfEbdM=
golang.org/x/exp v0.0.0-20240103183307-be819d1f06fc/go.mod h1:iRJReGqOEeBhDZGkGbynYwcHlctCvnjTYIamk7uXpHI=
